
Microsoft Visual Studio Solution File, Format Version 12.00
# Visual Studio Version 16
VisualStudioVersion = 16.0.29613.14
MinimumVisualStudioVersion = 10.0.40219.1
Project("{9A19103F-16F7-4668-BE54-9A1E7A4F7556}") = "Gibbed.LetUsClingTogether.FileFormats", "projects\Gibbed.LetUsClingTogether.FileFormats\Gibbed.LetUsClingTogether.FileFormats.csproj", "{6D3E7917-C9CE-4F94-99C7-8487F1BE4C9F}"
EndProject
Project("{9A19103F-16F7-4668-BE54-9A1E7A4F7556}") = "NDesk.Options", "projects\NDesk.Options\NDesk.Options.csproj", "{C98A6CD6-9422-4B35-8B7A-F520D75534D1}"
EndProject
Project("{9A19103F-16F7-4668-BE54-9A1E7A4F7556}") = "Gibbed.IO", "projects\Gibbed.IO\Gibbed.IO.csproj", "{5162A9FB-4DE1-4BBF-B7A2-5E8116AB0D26}"
EndProject
Project("{9A19103F-16F7-4668-BE54-9A1E7A4F7556}") = "Gibbed.LetUsClingTogether.UnpackFILETABLE", "projects\Gibbed.LetUsClingTogether.UnpackFILETABLE\Gibbed.LetUsClingTogether.UnpackFILETABLE.csproj", "{7FAC7FC1-12DD-44C2-B925-DEB93F5A8AB3}"
EndProject
Project("{9A19103F-16F7-4668-BE54-9A1E7A4F7556}") = "Gibbed.LetUsClingTogether.ExportSprite", "projects\Gibbed.LetUsClingTogether.ExportSprite\Gibbed.LetUsClingTogether.ExportSprite.csproj", "{DA4A102E-D1EF-439C-842B-FDFB74D6D628}"
EndProject
Project("{9A19103F-16F7-4668-BE54-9A1E7A4F7556}") = "Gibbed.LetUsClingTogether.UnpackPack", "projects\Gibbed.LetUsClingTogether.UnpackPack\Gibbed.LetUsClingTogether.UnpackPack.csproj", "{DB4D1378-7F7E-4F39-8A74-7E49EE58115A}"
EndProject
Project("{9A19103F-16F7-4668-BE54-9A1E7A4F7556}") = "Gibbed.LetUsClingTogether.UnpackBlob", "projects\Gibbed.LetUsClingTogether.UnpackBlob\Gibbed.LetUsClingTogether.UnpackBlob.csproj", "{5EC48666-F81C-4A02-962C-AB5E74458E56}"
EndProject
Project("{2150E333-8FDC-42A3-9474-1A3956D46DE8}") = "Misc", "Misc", "{5AA38539-796A-48A3-9AE5-C68836014669}"
EndProject
Project("{9A19103F-16F7-4668-BE54-9A1E7A4F7556}") = "Gibbed.LetUsClingTogether.PackFILETABLE", "projects\Gibbed.LetUsClingTogether.PackFILETABLE\Gibbed.LetUsClingTogether.PackFILETABLE.csproj", "{6E02586A-213D-4492-91A7-55ACE72450E1}"
EndProject
Project("{9A19103F-16F7-4668-BE54-9A1E7A4F7556}") = "Gibbed.LetUsClingTogether.LookupFILETABLE", "projects\Gibbed.LetUsClingTogether.LookupFILETABLE\Gibbed.LetUsClingTogether.LookupFILETABLE.csproj", "{D4BF3379-E041-4F75-8243-934FED691A2D}"
EndProject
Project("{2150E333-8FDC-42A3-9474-1A3956D46DE8}") = "Tools", "Tools", "{0D395521-06B9-4E59-867C-0CBCCA4DE001}"
EndProject
Project("{2150E333-8FDC-42A3-9474-1A3956D46DE8}") = "FILETABLE", "FILETABLE", "{B0E9DED9-537C-43B8-BE69-309C967DF189}"
EndProject
Project("{2150E333-8FDC-42A3-9474-1A3956D46DE8}") = "Archives", "Archives", "{3742DA58-0B92-4D2F-95DB-E780487C8C7E}"
EndProject
Project("{9A19103F-16F7-4668-BE54-9A1E7A4F7556}") = "Gibbed.LetUsClingTogether.DisassembleScript", "projects\Gibbed.LetUsClingTogether.DisassembleScript\Gibbed.LetUsClingTogether.DisassembleScript.csproj", "{92B0B318-03F9-4046-ACFE-1A93EC36DF59}"
EndProject
Project("{2150E333-8FDC-42A3-9474-1A3956D46DE8}") = "Event Scripts", "Event Scripts", "{9980F9DC-5CF1-4430-AF5C-0589D7F44C8C}"
EndProject
Project("{9A19103F-16F7-4668-BE54-9A1E7A4F7556}") = "Gibbed.LetUsClingTogether.TestScripts", "projects\Gibbed.LetUsClingTogether.TestScripts\Gibbed.LetUsClingTogether.TestScripts.csproj", "{FA6D3A21-62A2-4124-9D25-8D9E12CA359A}"
EndProject
Project("{2150E333-8FDC-42A3-9474-1A3956D46DE8}") = "Graphics", "Graphics", "{72FAC50E-21C8-4639-AFDA-30E43C339446}"
EndProject
Project("{9A19103F-16F7-4668-BE54-9A1E7A4F7556}") = "Tommy", "projects\Tommy\Tommy\Tommy.csproj", "{B969890F-DBAF-4298-8982-907F974A2A05}"
EndProject
Project("{2150E333-8FDC-42A3-9474-1A3956D46DE8}") = "Sheets", "Sheets", "{B0A971C2-92C1-4931-BAFE-0B504260AF79}"
EndProject
Project("{9A19103F-16F7-4668-BE54-9A1E7A4F7556}") = "Tommy.Extensions", "projects\Tommy\Tommy.Extensions\Tommy.Extensions.csproj", "{1E664E03-C8F9-4D0F-823B-0E549EACBAB6}"
EndProject
Global
	GlobalSection(SolutionConfigurationPlatforms) = preSolution
		Debug|Any CPU = Debug|Any CPU
		Release|Any CPU = Release|Any CPU
	EndGlobalSection
	GlobalSection(ProjectConfigurationPlatforms) = postSolution
		{6D3E7917-C9CE-4F94-99C7-8487F1BE4C9F}.Debug|Any CPU.ActiveCfg = Debug|Any CPU
		{6D3E7917-C9CE-4F94-99C7-8487F1BE4C9F}.Debug|Any CPU.Build.0 = Debug|Any CPU
		{6D3E7917-C9CE-4F94-99C7-8487F1BE4C9F}.Release|Any CPU.ActiveCfg = Release|Any CPU
		{6D3E7917-C9CE-4F94-99C7-8487F1BE4C9F}.Release|Any CPU.Build.0 = Release|Any CPU
		{C98A6CD6-9422-4B35-8B7A-F520D75534D1}.Debug|Any CPU.ActiveCfg = Debug|Any CPU
		{C98A6CD6-9422-4B35-8B7A-F520D75534D1}.Debug|Any CPU.Build.0 = Debug|Any CPU
		{C98A6CD6-9422-4B35-8B7A-F520D75534D1}.Release|Any CPU.ActiveCfg = Release|Any CPU
		{C98A6CD6-9422-4B35-8B7A-F520D75534D1}.Release|Any CPU.Build.0 = Release|Any CPU
		{5162A9FB-4DE1-4BBF-B7A2-5E8116AB0D26}.Debug|Any CPU.ActiveCfg = Debug|Any CPU
		{5162A9FB-4DE1-4BBF-B7A2-5E8116AB0D26}.Debug|Any CPU.Build.0 = Debug|Any CPU
		{5162A9FB-4DE1-4BBF-B7A2-5E8116AB0D26}.Release|Any CPU.ActiveCfg = Release|Any CPU
		{5162A9FB-4DE1-4BBF-B7A2-5E8116AB0D26}.Release|Any CPU.Build.0 = Release|Any CPU
		{7FAC7FC1-12DD-44C2-B925-DEB93F5A8AB3}.Debug|Any CPU.ActiveCfg = Debug|Any CPU
		{7FAC7FC1-12DD-44C2-B925-DEB93F5A8AB3}.Debug|Any CPU.Build.0 = Debug|Any CPU
		{7FAC7FC1-12DD-44C2-B925-DEB93F5A8AB3}.Release|Any CPU.ActiveCfg = Release|Any CPU
		{7FAC7FC1-12DD-44C2-B925-DEB93F5A8AB3}.Release|Any CPU.Build.0 = Release|Any CPU
		{DA4A102E-D1EF-439C-842B-FDFB74D6D628}.Debug|Any CPU.ActiveCfg = Debug|Any CPU
		{DA4A102E-D1EF-439C-842B-FDFB74D6D628}.Debug|Any CPU.Build.0 = Debug|Any CPU
		{DA4A102E-D1EF-439C-842B-FDFB74D6D628}.Release|Any CPU.ActiveCfg = Release|Any CPU
		{DA4A102E-D1EF-439C-842B-FDFB74D6D628}.Release|Any CPU.Build.0 = Release|Any CPU
		{DB4D1378-7F7E-4F39-8A74-7E49EE58115A}.Debug|Any CPU.ActiveCfg = Debug|Any CPU
		{DB4D1378-7F7E-4F39-8A74-7E49EE58115A}.Debug|Any CPU.Build.0 = Debug|Any CPU
		{DB4D1378-7F7E-4F39-8A74-7E49EE58115A}.Release|Any CPU.ActiveCfg = Release|Any CPU
		{DB4D1378-7F7E-4F39-8A74-7E49EE58115A}.Release|Any CPU.Build.0 = Release|Any CPU
		{5EC48666-F81C-4A02-962C-AB5E74458E56}.Debug|Any CPU.ActiveCfg = Debug|Any CPU
		{5EC48666-F81C-4A02-962C-AB5E74458E56}.Debug|Any CPU.Build.0 = Debug|Any CPU
		{5EC48666-F81C-4A02-962C-AB5E74458E56}.Release|Any CPU.ActiveCfg = Release|Any CPU
		{5EC48666-F81C-4A02-962C-AB5E74458E56}.Release|Any CPU.Build.0 = Release|Any CPU
		{6E02586A-213D-4492-91A7-55ACE72450E1}.Debug|Any CPU.ActiveCfg = Debug|Any CPU
		{6E02586A-213D-4492-91A7-55ACE72450E1}.Debug|Any CPU.Build.0 = Debug|Any CPU
		{6E02586A-213D-4492-91A7-55ACE72450E1}.Release|Any CPU.ActiveCfg = Release|Any CPU
		{6E02586A-213D-4492-91A7-55ACE72450E1}.Release|Any CPU.Build.0 = Release|Any CPU
		{D4BF3379-E041-4F75-8243-934FED691A2D}.Debug|Any CPU.ActiveCfg = Debug|Any CPU
		{D4BF3379-E041-4F75-8243-934FED691A2D}.Debug|Any CPU.Build.0 = Debug|Any CPU
		{D4BF3379-E041-4F75-8243-934FED691A2D}.Release|Any CPU.ActiveCfg = Release|Any CPU
		{D4BF3379-E041-4F75-8243-934FED691A2D}.Release|Any CPU.Build.0 = Release|Any CPU
		{92B0B318-03F9-4046-ACFE-1A93EC36DF59}.Debug|Any CPU.ActiveCfg = Debug|Any CPU
		{92B0B318-03F9-4046-ACFE-1A93EC36DF59}.Debug|Any CPU.Build.0 = Debug|Any CPU
		{92B0B318-03F9-4046-ACFE-1A93EC36DF59}.Release|Any CPU.ActiveCfg = Release|Any CPU
		{92B0B318-03F9-4046-ACFE-1A93EC36DF59}.Release|Any CPU.Build.0 = Release|Any CPU
		{FA6D3A21-62A2-4124-9D25-8D9E12CA359A}.Debug|Any CPU.ActiveCfg = Debug|Any CPU
		{FA6D3A21-62A2-4124-9D25-8D9E12CA359A}.Debug|Any CPU.Build.0 = Debug|Any CPU
		{FA6D3A21-62A2-4124-9D25-8D9E12CA359A}.Release|Any CPU.ActiveCfg = Release|Any CPU
		{FA6D3A21-62A2-4124-9D25-8D9E12CA359A}.Release|Any CPU.Build.0 = Release|Any CPU
		{B969890F-DBAF-4298-8982-907F974A2A05}.Debug|Any CPU.ActiveCfg = Debug|Any CPU
		{B969890F-DBAF-4298-8982-907F974A2A05}.Debug|Any CPU.Build.0 = Debug|Any CPU
		{B969890F-DBAF-4298-8982-907F974A2A05}.Release|Any CPU.ActiveCfg = Release|Any CPU
		{B969890F-DBAF-4298-8982-907F974A2A05}.Release|Any CPU.Build.0 = Release|Any CPU
		{1E664E03-C8F9-4D0F-823B-0E549EACBAB6}.Debug|Any CPU.ActiveCfg = Debug|Any CPU
		{1E664E03-C8F9-4D0F-823B-0E549EACBAB6}.Debug|Any CPU.Build.0 = Debug|Any CPU
		{1E664E03-C8F9-4D0F-823B-0E549EACBAB6}.Release|Any CPU.ActiveCfg = Release|Any CPU
		{1E664E03-C8F9-4D0F-823B-0E549EACBAB6}.Release|Any CPU.Build.0 = Release|Any CPU
	EndGlobalSection
	GlobalSection(SolutionProperties) = preSolution
		HideSolutionNode = FALSE
	EndGlobalSection
	GlobalSection(NestedProjects) = preSolution
		{C98A6CD6-9422-4B35-8B7A-F520D75534D1} = {5AA38539-796A-48A3-9AE5-C68836014669}
		{5162A9FB-4DE1-4BBF-B7A2-5E8116AB0D26} = {5AA38539-796A-48A3-9AE5-C68836014669}
		{7FAC7FC1-12DD-44C2-B925-DEB93F5A8AB3} = {B0E9DED9-537C-43B8-BE69-309C967DF189}
		{DA4A102E-D1EF-439C-842B-FDFB74D6D628} = {72FAC50E-21C8-4639-AFDA-30E43C339446}
		{DB4D1378-7F7E-4F39-8A74-7E49EE58115A} = {3742DA58-0B92-4D2F-95DB-E780487C8C7E}
		{5EC48666-F81C-4A02-962C-AB5E74458E56} = {3742DA58-0B92-4D2F-95DB-E780487C8C7E}
		{6E02586A-213D-4492-91A7-55ACE72450E1} = {B0E9DED9-537C-43B8-BE69-309C967DF189}
		{D4BF3379-E041-4F75-8243-934FED691A2D} = {B0E9DED9-537C-43B8-BE69-309C967DF189}
		{B0E9DED9-537C-43B8-BE69-309C967DF189} = {0D395521-06B9-4E59-867C-0CBCCA4DE001}
		{3742DA58-0B92-4D2F-95DB-E780487C8C7E} = {0D395521-06B9-4E59-867C-0CBCCA4DE001}
		{92B0B318-03F9-4046-ACFE-1A93EC36DF59} = {9980F9DC-5CF1-4430-AF5C-0589D7F44C8C}
		{9980F9DC-5CF1-4430-AF5C-0589D7F44C8C} = {0D395521-06B9-4E59-867C-0CBCCA4DE001}
		{FA6D3A21-62A2-4124-9D25-8D9E12CA359A} = {9980F9DC-5CF1-4430-AF5C-0589D7F44C8C}
		{72FAC50E-21C8-4639-AFDA-30E43C339446} = {0D395521-06B9-4E59-867C-0CBCCA4DE001}
		{B969890F-DBAF-4298-8982-907F974A2A05} = {5AA38539-796A-48A3-9AE5-C68836014669}
		{B0A971C2-92C1-4931-BAFE-0B504260AF79} = {0D395521-06B9-4E59-867C-0CBCCA4DE001}
		{1E664E03-C8F9-4D0F-823B-0E549EACBAB6} = {5AA38539-796A-48A3-9AE5-C68836014669}
	EndGlobalSection
	GlobalSection(ExtensibilityGlobals) = postSolution
		SolutionGuid = {F24A83F3-AE58-4185-81BD-A9746C5D5775}
	EndGlobalSection
EndGlobal
